
Microsoft Visual Studio Solution File, Format Version 12.00
# Visual Studio Version 16
VisualStudioVersion = 16.0.30114.105
MinimumVisualStudioVersion = 10.0.40219.1
Project("{FAE04EC0-301F-11D3-BF4B-00C04F79EFBC}") = "khisoft_todo", "khisoft_todo\khisoft_todo.csproj", "{308C1507-305C-4A81-9A9A-89775EEEE61D}"
EndProject
Global
	GlobalSection(SolutionConfigurationPlatforms) = preSolution
		Debug|Any CPU = Debug|Any CPU
		Release|Any CPU = Release|Any CPU
	EndGlobalSection
	GlobalSection(ProjectConfigurationPlatforms) = postSolution
		{308C1507-305C-4A81-9A9A-89775EEEE61D}.Debug|Any CPU.ActiveCfg = Debug|Any CPU
		{308C1507-305C-4A81-9A9A-89775EEEE61D}.Debug|Any CPU.Build.0 = Debug|Any CPU
		{308C1507-305C-4A81-9A9A-89775EEEE61D}.Release|Any CPU.ActiveCfg = Release|Any CPU
		{308C1507-305C-4A81-9A9A-89775EEEE61D}.Release|Any CPU.Build.0 = Release|Any CPU
	EndGlobalSection
	GlobalSection(SolutionProperties) = preSolution
		HideSolutionNode = FALSE
	EndGlobalSection
	GlobalSection(ExtensibilityGlobals) = postSolution
		SolutionGuid = {C2E094C7-9C0C-4309-B012-34D89522053C}
	EndGlobalSection
EndGlobal
